
Microsoft Visual Studio Solution File, Format Version 12.00
# Visual Studio 15
VisualStudioVersion = 15.0.28307.705
MinimumVisualStudioVersion = 10.0.40219.1
Project("{FAE04EC0-301F-11D3-BF4B-00C04F79EFBC}") = "AsyncMonads", "AsyncMonads\AsyncMonads.csproj", "{F70B83C5-26E9-40A7-BD83-FAEA02BD9AB4}"
EndProject
Project("{FAE04EC0-301F-11D3-BF4B-00C04F79EFBC}") = "AsyncMonads.Test", "AsyncMonads.Test\AsyncMonads.Test.csproj", "{F4694BE4-CB5D-4E6F-8F71-0532474871AF}"
EndProject
Global
	GlobalSection(SolutionConfigurationPlatforms) = preSolution
		Debug|Any CPU = Debug|Any CPU
		Release|Any CPU = Release|Any CPU
	EndGlobalSection
	GlobalSection(ProjectConfigurationPlatforms) = postSolution
		{F70B83C5-26E9-40A7-BD83-FAEA02BD9AB4}.Debug|Any CPU.ActiveCfg = Debug|Any CPU
		{F70B83C5-26E9-40A7-BD83-FAEA02BD9AB4}.Debug|Any CPU.Build.0 = Debug|Any CPU
		{F70B83C5-26E9-40A7-BD83-FAEA02BD9AB4}.Release|Any CPU.ActiveCfg = Release|Any CPU
		{F70B83C5-26E9-40A7-BD83-FAEA02BD9AB4}.Release|Any CPU.Build.0 = Release|Any CPU
		{F4694BE4-CB5D-4E6F-8F71-0532474871AF}.Debug|Any CPU.ActiveCfg = Debug|Any CPU
		{F4694BE4-CB5D-4E6F-8F71-0532474871AF}.Debug|Any CPU.Build.0 = Debug|Any CPU
		{F4694BE4-CB5D-4E6F-8F71-0532474871AF}.Release|Any CPU.ActiveCfg = Release|Any CPU
		{F4694BE4-CB5D-4E6F-8F71-0532474871AF}.Release|Any CPU.Build.0 = Release|Any CPU
	EndGlobalSection
	GlobalSection(SolutionProperties) = preSolution
		HideSolutionNode = FALSE
	EndGlobalSection
	GlobalSection(ExtensibilityGlobals) = postSolution
		SolutionGuid = {0CAAB96A-F9B1-4EB3-83B2-A502765FA4AD}
	EndGlobalSection
EndGlobal
